
Microsoft Visual Studio Solution File, Format Version 12.00
# Visual Studio 14
VisualStudioVersion = 14.0.25420.1
MinimumVisualStudioVersion = 10.0.40219.1
Project("{FAE04EC0-301F-11D3-BF4B-00C04F79EFBC}") = "StoryGen", "StoryGen\StoryGen.csproj", "{A823411E-EC57-4B44-8FA5-7FFA12EAAEC6}"
EndProject
Project("{FAE04EC0-301F-11D3-BF4B-00C04F79EFBC}") = "CharacterGen", "CharacterGen\CharacterGen.csproj", "{9ED47FB4-DA6B-4CC0-BD5C-878B2D74E0BB}"
EndProject
Project("{FAE04EC0-301F-11D3-BF4B-00C04F79EFBC}") = "CharacterGen.Tests", "CharacterGen.Tests\CharacterGen.Tests.csproj", "{682BB74B-5CA1-4A0E-97F3-2984FFF4A8C3}"
EndProject
Project("{FAE04EC0-301F-11D3-BF4B-00C04F79EFBC}") = "CommonUtils", "..\..\induction\CommonUtils\CommonUtils.csproj", "{F235D9FC-67F3-4E2E-AFD9-9E3E5C0092E7}"
EndProject
Global
	GlobalSection(SolutionConfigurationPlatforms) = preSolution
		Debug|Any CPU = Debug|Any CPU
		Release|Any CPU = Release|Any CPU
	EndGlobalSection
	GlobalSection(ProjectConfigurationPlatforms) = postSolution
		{A823411E-EC57-4B44-8FA5-7FFA12EAAEC6}.Debug|Any CPU.ActiveCfg = Debug|Any CPU
		{A823411E-EC57-4B44-8FA5-7FFA12EAAEC6}.Debug|Any CPU.Build.0 = Debug|Any CPU
		{A823411E-EC57-4B44-8FA5-7FFA12EAAEC6}.Release|Any CPU.ActiveCfg = Release|Any CPU
		{A823411E-EC57-4B44-8FA5-7FFA12EAAEC6}.Release|Any CPU.Build.0 = Release|Any CPU
		{9ED47FB4-DA6B-4CC0-BD5C-878B2D74E0BB}.Debug|Any CPU.ActiveCfg = Debug|Any CPU
		{9ED47FB4-DA6B-4CC0-BD5C-878B2D74E0BB}.Debug|Any CPU.Build.0 = Debug|Any CPU
		{9ED47FB4-DA6B-4CC0-BD5C-878B2D74E0BB}.Release|Any CPU.ActiveCfg = Release|Any CPU
		{9ED47FB4-DA6B-4CC0-BD5C-878B2D74E0BB}.Release|Any CPU.Build.0 = Release|Any CPU
		{682BB74B-5CA1-4A0E-97F3-2984FFF4A8C3}.Debug|Any CPU.ActiveCfg = Debug|Any CPU
		{682BB74B-5CA1-4A0E-97F3-2984FFF4A8C3}.Debug|Any CPU.Build.0 = Debug|Any CPU
		{682BB74B-5CA1-4A0E-97F3-2984FFF4A8C3}.Release|Any CPU.ActiveCfg = Release|Any CPU
		{682BB74B-5CA1-4A0E-97F3-2984FFF4A8C3}.Release|Any CPU.Build.0 = Release|Any CPU
		{F235D9FC-67F3-4E2E-AFD9-9E3E5C0092E7}.Debug|Any CPU.ActiveCfg = Debug|Any CPU
		{F235D9FC-67F3-4E2E-AFD9-9E3E5C0092E7}.Debug|Any CPU.Build.0 = Debug|Any CPU
		{F235D9FC-67F3-4E2E-AFD9-9E3E5C0092E7}.Release|Any CPU.ActiveCfg = Release|Any CPU
		{F235D9FC-67F3-4E2E-AFD9-9E3E5C0092E7}.Release|Any CPU.Build.0 = Release|Any CPU
	EndGlobalSection
	GlobalSection(SolutionProperties) = preSolution
		HideSolutionNode = FALSE
	EndGlobalSection
EndGlobal
